
Microsoft Visual Studio Solution File, Format Version 12.00
# Visual Studio Version 17
VisualStudioVersion = 17.4.33205.214
MinimumVisualStudioVersion = 10.0.40219.1
Project("{9A19103F-16F7-4668-BE54-9A1E7A4F7556}") = "Logistic.ConsoleClient", "src\Logistic.ConsoleClient\Logistic.ConsoleClient.csproj", "{1D338623-78EC-4ADD-935F-E46CF3290D2A}"
EndProject
Project("{9A19103F-16F7-4668-BE54-9A1E7A4F7556}") = "Logistic.Core", "src\Logistic.Core\Logistic.Core.csproj", "{30E62FB5-E2D6-41B7-8EEC-743FA1D99B3F}"
EndProject
Project("{9A19103F-16F7-4668-BE54-9A1E7A4F7556}") = "Logistic.Models", "src\Logistic.Models\Logistic.Models.csproj", "{434AB3A6-50A4-4720-9A2E-341C419D93D8}"
EndProject
Project("{9A19103F-16F7-4668-BE54-9A1E7A4F7556}") = "Logistic.DAL", "src\Logistic.DAL\Logistic.DAL.csproj", "{BF929F8F-C06C-4503-B7F9-4468979A23EA}"
EndProject
Project("{9A19103F-16F7-4668-BE54-9A1E7A4F7556}") = "Logistic.Core.Tests", "test\Logistic.Core.Tests\Logistic.Core.Tests.csproj", "{8FD408D6-6C61-4092-897C-BCA5A8A8A99F}"
EndProject
Project("{9A19103F-16F7-4668-BE54-9A1E7A4F7556}") = "Logistic.DAL.Tests", "test\Logistic.DAL.Tests\Logistic.DAL.Tests.csproj", "{58A7D596-EEEC-4193-A7E8-E71FDE143A7A}"
EndProject
Project("{2150E333-8FDC-42A3-9474-1A3956D46DE8}") = "stc", "stc", "{825788F5-9569-42B9-BD17-395E2B37293E}"
EndProject
Project("{2150E333-8FDC-42A3-9474-1A3956D46DE8}") = "test", "test", "{29F1797B-EB5F-4FCE-9EE8-5971B6EC3409}"
EndProject
Global
	GlobalSection(SolutionConfigurationPlatforms) = preSolution
		Debug|Any CPU = Debug|Any CPU
		Release|Any CPU = Release|Any CPU
	EndGlobalSection
	GlobalSection(ProjectConfigurationPlatforms) = postSolution
		{1D338623-78EC-4ADD-935F-E46CF3290D2A}.Debug|Any CPU.ActiveCfg = Debug|Any CPU
		{1D338623-78EC-4ADD-935F-E46CF3290D2A}.Debug|Any CPU.Build.0 = Debug|Any CPU
		{1D338623-78EC-4ADD-935F-E46CF3290D2A}.Release|Any CPU.ActiveCfg = Release|Any CPU
		{1D338623-78EC-4ADD-935F-E46CF3290D2A}.Release|Any CPU.Build.0 = Release|Any CPU
		{30E62FB5-E2D6-41B7-8EEC-743FA1D99B3F}.Debug|Any CPU.ActiveCfg = Debug|Any CPU
		{30E62FB5-E2D6-41B7-8EEC-743FA1D99B3F}.Debug|Any CPU.Build.0 = Debug|Any CPU
		{30E62FB5-E2D6-41B7-8EEC-743FA1D99B3F}.Release|Any CPU.ActiveCfg = Release|Any CPU
		{30E62FB5-E2D6-41B7-8EEC-743FA1D99B3F}.Release|Any CPU.Build.0 = Release|Any CPU
		{434AB3A6-50A4-4720-9A2E-341C419D93D8}.Debug|Any CPU.ActiveCfg = Debug|Any CPU
		{434AB3A6-50A4-4720-9A2E-341C419D93D8}.Debug|Any CPU.Build.0 = Debug|Any CPU
		{434AB3A6-50A4-4720-9A2E-341C419D93D8}.Release|Any CPU.ActiveCfg = Release|Any CPU
		{434AB3A6-50A4-4720-9A2E-341C419D93D8}.Release|Any CPU.Build.0 = Release|Any CPU
		{BF929F8F-C06C-4503-B7F9-4468979A23EA}.Debug|Any CPU.ActiveCfg = Debug|Any CPU
		{BF929F8F-C06C-4503-B7F9-4468979A23EA}.Debug|Any CPU.Build.0 = Debug|Any CPU
		{BF929F8F-C06C-4503-B7F9-4468979A23EA}.Release|Any CPU.ActiveCfg = Release|Any CPU
		{BF929F8F-C06C-4503-B7F9-4468979A23EA}.Release|Any CPU.Build.0 = Release|Any CPU
		{8FD408D6-6C61-4092-897C-BCA5A8A8A99F}.Debug|Any CPU.ActiveCfg = Debug|Any CPU
		{8FD408D6-6C61-4092-897C-BCA5A8A8A99F}.Debug|Any CPU.Build.0 = Debug|Any CPU
		{8FD408D6-6C61-4092-897C-BCA5A8A8A99F}.Release|Any CPU.ActiveCfg = Release|Any CPU
		{8FD408D6-6C61-4092-897C-BCA5A8A8A99F}.Release|Any CPU.Build.0 = Release|Any CPU
		{58A7D596-EEEC-4193-A7E8-E71FDE143A7A}.Debug|Any CPU.ActiveCfg = Debug|Any CPU
		{58A7D596-EEEC-4193-A7E8-E71FDE143A7A}.Debug|Any CPU.Build.0 = Debug|Any CPU
		{58A7D596-EEEC-4193-A7E8-E71FDE143A7A}.Release|Any CPU.ActiveCfg = Release|Any CPU
		{58A7D596-EEEC-4193-A7E8-E71FDE143A7A}.Release|Any CPU.Build.0 = Release|Any CPU
	EndGlobalSection
	GlobalSection(SolutionProperties) = preSolution
		HideSolutionNode = FALSE
	EndGlobalSection
	GlobalSection(NestedProjects) = preSolution
		{1D338623-78EC-4ADD-935F-E46CF3290D2A} = {825788F5-9569-42B9-BD17-395E2B37293E}
		{30E62FB5-E2D6-41B7-8EEC-743FA1D99B3F} = {825788F5-9569-42B9-BD17-395E2B37293E}
		{434AB3A6-50A4-4720-9A2E-341C419D93D8} = {825788F5-9569-42B9-BD17-395E2B37293E}
		{BF929F8F-C06C-4503-B7F9-4468979A23EA} = {825788F5-9569-42B9-BD17-395E2B37293E}
		{8FD408D6-6C61-4092-897C-BCA5A8A8A99F} = {29F1797B-EB5F-4FCE-9EE8-5971B6EC3409}
		{58A7D596-EEEC-4193-A7E8-E71FDE143A7A} = {29F1797B-EB5F-4FCE-9EE8-5971B6EC3409}
	EndGlobalSection
	GlobalSection(ExtensibilityGlobals) = postSolution
		SolutionGuid = {CE6FBCD5-9FB6-4941-A0ED-11F7E287609A}
	EndGlobalSection
EndGlobal
